
Microsoft Visual Studio Solution File, Format Version 12.00
# Visual Studio Version 17
VisualStudioVersion = 17.13.35818.85 d17.13
MinimumVisualStudioVersion = 10.0.40219.1
Project("{FAE04EC0-301F-11D3-BF4B-00C04F79EFBC}") = "tpmodul6", "tpmodul6.csproj", "{C2FD4B5D-AD22-4038-B318-6E0F3F844BA3}"
EndProject
Global
	GlobalSection(SolutionConfigurationPlatforms) = preSolution
		Debug|Any CPU = Debug|Any CPU
		Release|Any CPU = Release|Any CPU
	EndGlobalSection
	GlobalSection(ProjectConfigurationPlatforms) = postSolution
		{C2FD4B5D-AD22-4038-B318-6E0F3F844BA3}.Debug|Any CPU.ActiveCfg = Debug|Any CPU
		{C2FD4B5D-AD22-4038-B318-6E0F3F844BA3}.Debug|Any CPU.Build.0 = Debug|Any CPU
		{C2FD4B5D-AD22-4038-B318-6E0F3F844BA3}.Release|Any CPU.ActiveCfg = Release|Any CPU
		{C2FD4B5D-AD22-4038-B318-6E0F3F844BA3}.Release|Any CPU.Build.0 = Release|Any CPU
	EndGlobalSection
	GlobalSection(SolutionProperties) = preSolution
		HideSolutionNode = FALSE
	EndGlobalSection
	GlobalSection(ExtensibilityGlobals) = postSolution
		SolutionGuid = {A2BFD617-1B20-4CBF-A5F5-97A6A50AA3FD}
	EndGlobalSection
EndGlobal
